// !$*UTF8*$!
{
	archiveVersion = 1;
	classes = {
	};
	objectVersion = 48;
	objects = {

/* Begin PBXBuildFile section */
		D045F6CA1F74745B008A45DF /* PointDrawingView.swift in Sources */ = {isa = PBXBuildFile; fileRef = D045F6C91F74745B008A45DF /* PointDrawingView.swift */; };
		D04E83191F784053009A9512 /* MotionToMoveEventsProcessor.swift in Sources */ = {isa = PBXBuildFile; fileRef = D04E83181F784053009A9512 /* MotionToMoveEventsProcessor.swift */; };
		D04E831B1F78406F009A9512 /* AccumulatedMoveEventsProcessor.swift in Sources */ = {isa = PBXBuildFile; fileRef = D04E831A1F78406F009A9512 /* AccumulatedMoveEventsProcessor.swift */; };
		D04E831D1F784095009A9512 /* PauseEventsProcessor.swift in Sources */ = {isa = PBXBuildFile; fileRef = D04E831C1F784095009A9512 /* PauseEventsProcessor.swift */; };
		D04E831F1F7840BB009A9512 /* SensitivityEventsProcesor.swift in Sources */ = {isa = PBXBuildFile; fileRef = D04E831E1F7840BB009A9512 /* SensitivityEventsProcesor.swift */; };
		D04E83211F7840E2009A9512 /* MouseMoveEventProcessor.swift in Sources */ = {isa = PBXBuildFile; fileRef = D04E83201F7840E2009A9512 /* MouseMoveEventProcessor.swift */; };
		D068CC0D1F73FC380083F045 /* ConnectionSession.swift in Sources */ = {isa = PBXBuildFile; fileRef = D0BCEDBE1F7071C50069F8F2 /* ConnectionSession.swift */; };
		D068CC0E1F73FC380083F045 /* RemoteEvent.swift in Sources */ = {isa = PBXBuildFile; fileRef = D0BCEDB61F7025160069F8F2 /* RemoteEvent.swift */; };
		D068CC0F1F73FC380083F045 /* SubscriptionToken.swift in Sources */ = {isa = PBXBuildFile; fileRef = D0BCEDBC1F7070EB0069F8F2 /* SubscriptionToken.swift */; };
		D068CC101F73FC380083F045 /* DataMapper.swift in Sources */ = {isa = PBXBuildFile; fileRef = D0BCEDC01F7072A30069F8F2 /* DataMapper.swift */; };
		D068CC111F73FC380083F045 /* ConnectionAdvertiser.swift in Sources */ = {isa = PBXBuildFile; fileRef = D0BCEDC21F7074840069F8F2 /* ConnectionAdvertiser.swift */; };
		D068CC121F73FC380083F045 /* ConnectionBrowser.swift in Sources */ = {isa = PBXBuildFile; fileRef = D0BCEDC41F7074C60069F8F2 /* ConnectionBrowser.swift */; };
		D068CC141F740C820083F045 /* Mouse.swift in Sources */ = {isa = PBXBuildFile; fileRef = D068CC131F740C820083F045 /* Mouse.swift */; };
		D075BD7E1F6FF3CE007B8C86 /* AppDelegate.swift in Sources */ = {isa = PBXBuildFile; fileRef = D075BD7D1F6FF3CE007B8C86 /* AppDelegate.swift */; };
		D075BD801F6FF3CE007B8C86 /* DiscoveryViewController.swift in Sources */ = {isa = PBXBuildFile; fileRef = D075BD7F1F6FF3CE007B8C86 /* DiscoveryViewController.swift */; };
		D075BD831F6FF3CE007B8C86 /* Main.storyboard in Resources */ = {isa = PBXBuildFile; fileRef = D075BD811F6FF3CE007B8C86 /* Main.storyboard */; };
		D075BD851F6FF3CE007B8C86 /* Assets.xcassets in Resources */ = {isa = PBXBuildFile; fileRef = D075BD841F6FF3CE007B8C86 /* Assets.xcassets */; };
		D075BD881F6FF3CE007B8C86 /* LaunchScreen.storyboard in Resources */ = {isa = PBXBuildFile; fileRef = D075BD861F6FF3CE007B8C86 /* LaunchScreen.storyboard */; };
		D075BD931F6FF3CE007B8C86 /* MiceBoyTests.swift in Sources */ = {isa = PBXBuildFile; fileRef = D075BD921F6FF3CE007B8C86 /* MiceBoyTests.swift */; };
		D075BD9E1F6FF3CE007B8C86 /* MiceBoyUITests.swift in Sources */ = {isa = PBXBuildFile; fileRef = D075BD9D1F6FF3CE007B8C86 /* MiceBoyUITests.swift */; };
		D075BDB41F6FF761007B8C86 /* AppDelegate.swift in Sources */ = {isa = PBXBuildFile; fileRef = D075BDB31F6FF761007B8C86 /* AppDelegate.swift */; };
		D075BDB61F6FF761007B8C86 /* ViewController.swift in Sources */ = {isa = PBXBuildFile; fileRef = D075BDB51F6FF761007B8C86 /* ViewController.swift */; };
		D075BDB81F6FF761007B8C86 /* Assets.xcassets in Resources */ = {isa = PBXBuildFile; fileRef = D075BDB71F6FF761007B8C86 /* Assets.xcassets */; };
		D075BDBB1F6FF761007B8C86 /* Main.storyboard in Resources */ = {isa = PBXBuildFile; fileRef = D075BDB91F6FF761007B8C86 /* Main.storyboard */; };
		D075BDC71F6FF761007B8C86 /* MiceboyHostTests.swift in Sources */ = {isa = PBXBuildFile; fileRef = D075BDC61F6FF761007B8C86 /* MiceboyHostTests.swift */; };
		D075BDD21F6FF761007B8C86 /* MiceboyHostUITests.swift in Sources */ = {isa = PBXBuildFile; fileRef = D075BDD11F6FF761007B8C86 /* MiceboyHostUITests.swift */; };
		D0BCEDB71F7025160069F8F2 /* RemoteEvent.swift in Sources */ = {isa = PBXBuildFile; fileRef = D0BCEDB61F7025160069F8F2 /* RemoteEvent.swift */; };
		D0BCEDBB1F70305B0069F8F2 /* Cartfile in Resources */ = {isa = PBXBuildFile; fileRef = D0BCEDBA1F70305B0069F8F2 /* Cartfile */; };
		D0BCEDBD1F7070EB0069F8F2 /* SubscriptionToken.swift in Sources */ = {isa = PBXBuildFile; fileRef = D0BCEDBC1F7070EB0069F8F2 /* SubscriptionToken.swift */; };
		D0BCEDBF1F7071C50069F8F2 /* ConnectionSession.swift in Sources */ = {isa = PBXBuildFile; fileRef = D0BCEDBE1F7071C50069F8F2 /* ConnectionSession.swift */; };
		D0BCEDC11F7072A30069F8F2 /* DataMapper.swift in Sources */ = {isa = PBXBuildFile; fileRef = D0BCEDC01F7072A30069F8F2 /* DataMapper.swift */; };
		D0BCEDC31F7074840069F8F2 /* ConnectionAdvertiser.swift in Sources */ = {isa = PBXBuildFile; fileRef = D0BCEDC21F7074840069F8F2 /* ConnectionAdvertiser.swift */; };
		D0BCEDC51F7074C60069F8F2 /* ConnectionBrowser.swift in Sources */ = {isa = PBXBuildFile; fileRef = D0BCEDC41F7074C60069F8F2 /* ConnectionBrowser.swift */; };
		D0C6D6581F77D7C000FF1C42 /* RemoteEventsProcessor.swift in Sources */ = {isa = PBXBuildFile; fileRef = D0C6D6571F77D7C000FF1C42 /* RemoteEventsProcessor.swift */; };
/* End PBXBuildFile section */

/* Begin PBXContainerItemProxy section */
		D075BD8F1F6FF3CE007B8C86 /* PBXContainerItemProxy */ = {
			isa = PBXContainerItemProxy;
			containerPortal = D075BD721F6FF3CE007B8C86 /* Project object */;
			proxyType = 1;
			remoteGlobalIDString = D075BD791F6FF3CE007B8C86;
			remoteInfo = MiceBoy;
		};
		D075BD9A1F6FF3CE007B8C86 /* PBXContainerItemProxy */ = {
			isa = PBXContainerItemProxy;
			containerPortal = D075BD721F6FF3CE007B8C86 /* Project object */;
			proxyType = 1;
			remoteGlobalIDString = D075BD791F6FF3CE007B8C86;
			remoteInfo = MiceBoy;
		};
		D075BDC31F6FF761007B8C86 /* PBXContainerItemProxy */ = {
			isa = PBXContainerItemProxy;
			containerPortal = D075BD721F6FF3CE007B8C86 /* Project object */;
			proxyType = 1;
			remoteGlobalIDString = D075BDB01F6FF761007B8C86;
			remoteInfo = MiceboyHost;
		};
		D075BDCE1F6FF761007B8C86 /* PBXContainerItemProxy */ = {
			isa = PBXContainerItemProxy;
			containerPortal = D075BD721F6FF3CE007B8C86 /* Project object */;
			proxyType = 1;
			remoteGlobalIDString = D075BDB01F6FF761007B8C86;
			remoteInfo = MiceboyHost;
		};
/* End PBXContainerItemProxy section */

/* Begin PBXFileReference section */
		D045F6C91F74745B008A45DF /* PointDrawingView.swift */ = {isa = PBXFileReference; lastKnownFileType = sourcecode.swift; path = PointDrawingView.swift; sourceTree = "<group>"; };
		D04E83181F784053009A9512 /* MotionToMoveEventsProcessor.swift */ = {isa = PBXFileReference; lastKnownFileType = sourcecode.swift; path = MotionToMoveEventsProcessor.swift; sourceTree = "<group>"; };
		D04E831A1F78406F009A9512 /* AccumulatedMoveEventsProcessor.swift */ = {isa = PBXFileReference; lastKnownFileType = sourcecode.swift; path = AccumulatedMoveEventsProcessor.swift; sourceTree = "<group>"; };
		D04E831C1F784095009A9512 /* PauseEventsProcessor.swift */ = {isa = PBXFileReference; lastKnownFileType = sourcecode.swift; path = PauseEventsProcessor.swift; sourceTree = "<group>"; };
		D04E831E1F7840BB009A9512 /* SensitivityEventsProcesor.swift */ = {isa = PBXFileReference; lastKnownFileType = sourcecode.swift; path = SensitivityEventsProcesor.swift; sourceTree = "<group>"; };
		D04E83201F7840E2009A9512 /* MouseMoveEventProcessor.swift */ = {isa = PBXFileReference; lastKnownFileType = sourcecode.swift; path = MouseMoveEventProcessor.swift; sourceTree = "<group>"; };
		D068CC131F740C820083F045 /* Mouse.swift */ = {isa = PBXFileReference; lastKnownFileType = sourcecode.swift; path = Mouse.swift; sourceTree = "<group>"; };
		D075BD7A1F6FF3CE007B8C86 /* MiceBoy.app */ = {isa = PBXFileReference; explicitFileType = wrapper.application; includeInIndex = 0; path = MiceBoy.app; sourceTree = BUILT_PRODUCTS_DIR; };
		D075BD7D1F6FF3CE007B8C86 /* AppDelegate.swift */ = {isa = PBXFileReference; lastKnownFileType = sourcecode.swift; path = AppDelegate.swift; sourceTree = "<group>"; };
		D075BD7F1F6FF3CE007B8C86 /* DiscoveryViewController.swift */ = {isa = PBXFileReference; lastKnownFileType = sourcecode.swift; path = DiscoveryViewController.swift; sourceTree = "<group>"; };
		D075BD821F6FF3CE007B8C86 /* Base */ = {isa = PBXFileReference; lastKnownFileType = file.storyboard; name = Base; path = Base.lproj/Main.storyboard; sourceTree = "<group>"; };
		D075BD841F6FF3CE007B8C86 /* Assets.xcassets */ = {isa = PBXFileReference; lastKnownFileType = folder.assetcatalog; path = Assets.xcassets; sourceTree = "<group>"; };
		D075BD871F6FF3CE007B8C86 /* Base */ = {isa = PBXFileReference; lastKnownFileType = file.storyboard; name = Base; path = Base.lproj/LaunchScreen.storyboard; sourceTree = "<group>"; };
		D075BD891F6FF3CE007B8C86 /* Info.plist */ = {isa = PBXFileReference; lastKnownFileType = text.plist.xml; path = Info.plist; sourceTree = "<group>"; };
		D075BD8E1F6FF3CE007B8C86 /* MiceBoyTests.xctest */ = {isa = PBXFileReference; explicitFileType = wrapper.cfbundle; includeInIndex = 0; path = MiceBoyTests.xctest; sourceTree = BUILT_PRODUCTS_DIR; };
		D075BD921F6FF3CE007B8C86 /* MiceBoyTests.swift */ = {isa = PBXFileReference; lastKnownFileType = sourcecode.swift; path = MiceBoyTests.swift; sourceTree = "<group>"; };
		D075BD941F6FF3CE007B8C86 /* Info.plist */ = {isa = PBXFileReference; lastKnownFileType = text.plist.xml; path = Info.plist; sourceTree = "<group>"; };
		D075BD991F6FF3CE007B8C86 /* MiceBoyUITests.xctest */ = {isa = PBXFileReference; explicitFileType = wrapper.cfbundle; includeInIndex = 0; path = MiceBoyUITests.xctest; sourceTree = BUILT_PRODUCTS_DIR; };
		D075BD9D1F6FF3CE007B8C86 /* MiceBoyUITests.swift */ = {isa = PBXFileReference; lastKnownFileType = sourcecode.swift; path = MiceBoyUITests.swift; sourceTree = "<group>"; };
		D075BD9F1F6FF3CE007B8C86 /* Info.plist */ = {isa = PBXFileReference; lastKnownFileType = text.plist.xml; path = Info.plist; sourceTree = "<group>"; };
		D075BDB11F6FF761007B8C86 /* MiceboyHost.app */ = {isa = PBXFileReference; explicitFileType = wrapper.application; includeInIndex = 0; path = MiceboyHost.app; sourceTree = BUILT_PRODUCTS_DIR; };
		D075BDB31F6FF761007B8C86 /* AppDelegate.swift */ = {isa = PBXFileReference; lastKnownFileType = sourcecode.swift; path = AppDelegate.swift; sourceTree = "<group>"; };
		D075BDB51F6FF761007B8C86 /* ViewController.swift */ = {isa = PBXFileReference; lastKnownFileType = sourcecode.swift; path = ViewController.swift; sourceTree = "<group>"; };
		D075BDB71F6FF761007B8C86 /* Assets.xcassets */ = {isa = PBXFileReference; lastKnownFileType = folder.assetcatalog; path = Assets.xcassets; sourceTree = "<group>"; };
		D075BDBA1F6FF761007B8C86 /* Base */ = {isa = PBXFileReference; lastKnownFileType = file.storyboard; name = Base; path = Base.lproj/Main.storyboard; sourceTree = "<group>"; };
		D075BDBC1F6FF761007B8C86 /* Info.plist */ = {isa = PBXFileReference; lastKnownFileType = text.plist.xml; path = Info.plist; sourceTree = "<group>"; };
		D075BDBD1F6FF761007B8C86 /* MiceboyHost.entitlements */ = {isa = PBXFileReference; lastKnownFileType = text.plist.entitlements; path = MiceboyHost.entitlements; sourceTree = "<group>"; };
		D075BDC21F6FF761007B8C86 /* MiceboyHostTests.xctest */ = {isa = PBXFileReference; explicitFileType = wrapper.cfbundle; includeInIndex = 0; path = MiceboyHostTests.xctest; sourceTree = BUILT_PRODUCTS_DIR; };
		D075BDC61F6FF761007B8C86 /* MiceboyHostTests.swift */ = {isa = PBXFileReference; lastKnownFileType = sourcecode.swift; path = MiceboyHostTests.swift; sourceTree = "<group>"; };
		D075BDC81F6FF761007B8C86 /* Info.plist */ = {isa = PBXFileReference; lastKnownFileType = text.plist.xml; path = Info.plist; sourceTree = "<group>"; };
		D075BDCD1F6FF761007B8C86 /* MiceboyHostUITests.xctest */ = {isa = PBXFileReference; explicitFileType = wrapper.cfbundle; includeInIndex = 0; path = MiceboyHostUITests.xctest; sourceTree = BUILT_PRODUCTS_DIR; };
		D075BDD11F6FF761007B8C86 /* MiceboyHostUITests.swift */ = {isa = PBXFileReference; lastKnownFileType = sourcecode.swift; path = MiceboyHostUITests.swift; sourceTree = "<group>"; };
		D075BDD31F6FF761007B8C86 /* Info.plist */ = {isa = PBXFileReference; lastKnownFileType = text.plist.xml; path = Info.plist; sourceTree = "<group>"; };
		D0BCEDB61F7025160069F8F2 /* RemoteEvent.swift */ = {isa = PBXFileReference; lastKnownFileType = sourcecode.swift; path = RemoteEvent.swift; sourceTree = "<group>"; };
		D0BCEDBA1F70305B0069F8F2 /* Cartfile */ = {isa = PBXFileReference; lastKnownFileType = text; path = Cartfile; sourceTree = "<group>"; };
		D0BCEDBC1F7070EB0069F8F2 /* SubscriptionToken.swift */ = {isa = PBXFileReference; lastKnownFileType = sourcecode.swift; path = SubscriptionToken.swift; sourceTree = "<group>"; };
		D0BCEDBE1F7071C50069F8F2 /* ConnectionSession.swift */ = {isa = PBXFileReference; lastKnownFileType = sourcecode.swift; path = ConnectionSession.swift; sourceTree = "<group>"; };
		D0BCEDC01F7072A30069F8F2 /* DataMapper.swift */ = {isa = PBXFileReference; lastKnownFileType = sourcecode.swift; path = DataMapper.swift; sourceTree = "<group>"; };
		D0BCEDC21F7074840069F8F2 /* ConnectionAdvertiser.swift */ = {isa = PBXFileReference; lastKnownFileType = sourcecode.swift; path = ConnectionAdvertiser.swift; sourceTree = "<group>"; };
		D0BCEDC41F7074C60069F8F2 /* ConnectionBrowser.swift */ = {isa = PBXFileReference; lastKnownFileType = sourcecode.swift; path = ConnectionBrowser.swift; sourceTree = "<group>"; };
		D0C6D6571F77D7C000FF1C42 /* RemoteEventsProcessor.swift */ = {isa = PBXFileReference; lastKnownFileType = sourcecode.swift; path = RemoteEventsProcessor.swift; sourceTree = "<group>"; };
/* End PBXFileReference section */

/* Begin PBXFrameworksBuildPhase section */
		D075BD771F6FF3CE007B8C86 /* Frameworks */ = {
			isa = PBXFrameworksBuildPhase;
			buildActionMask = 2147483647;
			files = (
			);
			runOnlyForDeploymentPostprocessing = 0;
		};
		D075BD8B1F6FF3CE007B8C86 /* Frameworks */ = {
			isa = PBXFrameworksBuildPhase;
			buildActionMask = 2147483647;
			files = (
			);
			runOnlyForDeploymentPostprocessing = 0;
		};
		D075BD961F6FF3CE007B8C86 /* Frameworks */ = {
			isa = PBXFrameworksBuildPhase;
			buildActionMask = 2147483647;
			files = (
			);
			runOnlyForDeploymentPostprocessing = 0;
		};
		D075BDAE1F6FF761007B8C86 /* Frameworks */ = {
			isa = PBXFrameworksBuildPhase;
			buildActionMask = 2147483647;
			files = (
			);
			runOnlyForDeploymentPostprocessing = 0;
		};
		D075BDBF1F6FF761007B8C86 /* Frameworks */ = {
			isa = PBXFrameworksBuildPhase;
			buildActionMask = 2147483647;
			files = (
			);
			runOnlyForDeploymentPostprocessing = 0;
		};
		D075BDCA1F6FF761007B8C86 /* Frameworks */ = {
			isa = PBXFrameworksBuildPhase;
			buildActionMask = 2147483647;
			files = (
			);
			runOnlyForDeploymentPostprocessing = 0;
		};
/* End PBXFrameworksBuildPhase section */

/* Begin PBXGroup section */
		D075BD711F6FF3CE007B8C86 = {
			isa = PBXGroup;
			children = (
				D0C6D6561F77CEE800FF1C42 /* Model */,
				D0BCEDB91F7030470069F8F2 /* Meta */,
				D075BDDD1F6FF770007B8C86 /* Service */,
				D075BD7C1F6FF3CE007B8C86 /* MiceBoy */,
				D075BD911F6FF3CE007B8C86 /* MiceBoyTests */,
				D075BD9C1F6FF3CE007B8C86 /* MiceBoyUITests */,
				D075BDB21F6FF761007B8C86 /* MiceboyHost */,
				D075BDC51F6FF761007B8C86 /* MiceboyHostTests */,
				D075BDD01F6FF761007B8C86 /* MiceboyHostUITests */,
				D075BD7B1F6FF3CE007B8C86 /* Products */,
			);
			sourceTree = "<group>";
		};
		D075BD7B1F6FF3CE007B8C86 /* Products */ = {
			isa = PBXGroup;
			children = (
				D075BD7A1F6FF3CE007B8C86 /* MiceBoy.app */,
				D075BD8E1F6FF3CE007B8C86 /* MiceBoyTests.xctest */,
				D075BD991F6FF3CE007B8C86 /* MiceBoyUITests.xctest */,
				D075BDB11F6FF761007B8C86 /* MiceboyHost.app */,
				D075BDC21F6FF761007B8C86 /* MiceboyHostTests.xctest */,
				D075BDCD1F6FF761007B8C86 /* MiceboyHostUITests.xctest */,
			);
			name = Products;
			sourceTree = "<group>";
		};
		D075BD7C1F6FF3CE007B8C86 /* MiceBoy */ = {
			isa = PBXGroup;
			children = (
				D075BD7D1F6FF3CE007B8C86 /* AppDelegate.swift */,
				D075BD7F1F6FF3CE007B8C86 /* DiscoveryViewController.swift */,
				D075BD811F6FF3CE007B8C86 /* Main.storyboard */,
				D075BD841F6FF3CE007B8C86 /* Assets.xcassets */,
				D075BD861F6FF3CE007B8C86 /* LaunchScreen.storyboard */,
				D075BD891F6FF3CE007B8C86 /* Info.plist */,
			);
			path = MiceBoy;
			sourceTree = "<group>";
		};
		D075BD911F6FF3CE007B8C86 /* MiceBoyTests */ = {
			isa = PBXGroup;
			children = (
				D075BD921F6FF3CE007B8C86 /* MiceBoyTests.swift */,
				D075BD941F6FF3CE007B8C86 /* Info.plist */,
			);
			path = MiceBoyTests;
			sourceTree = "<group>";
		};
		D075BD9C1F6FF3CE007B8C86 /* MiceBoyUITests */ = {
			isa = PBXGroup;
			children = (
				D075BD9D1F6FF3CE007B8C86 /* MiceBoyUITests.swift */,
				D075BD9F1F6FF3CE007B8C86 /* Info.plist */,
			);
			path = MiceBoyUITests;
			sourceTree = "<group>";
		};
		D075BDB21F6FF761007B8C86 /* MiceboyHost */ = {
			isa = PBXGroup;
			children = (
				D0C6D65A1F781E7200FF1C42 /* MouseControllers */,
				D0C6D6591F781E5200FF1C42 /* EventsProcessors */,
				D075BDB31F6FF761007B8C86 /* AppDelegate.swift */,
				D075BDB51F6FF761007B8C86 /* ViewController.swift */,
				D075BDB71F6FF761007B8C86 /* Assets.xcassets */,
				D075BDB91F6FF761007B8C86 /* Main.storyboard */,
				D075BDBC1F6FF761007B8C86 /* Info.plist */,
				D075BDBD1F6FF761007B8C86 /* MiceboyHost.entitlements */,
				D045F6C91F74745B008A45DF /* PointDrawingView.swift */,
			);
			path = MiceboyHost;
			sourceTree = "<group>";
		};
		D075BDC51F6FF761007B8C86 /* MiceboyHostTests */ = {
			isa = PBXGroup;
			children = (
				D075BDC61F6FF761007B8C86 /* MiceboyHostTests.swift */,
				D075BDC81F6FF761007B8C86 /* Info.plist */,
			);
			path = MiceboyHostTests;
			sourceTree = "<group>";
		};
		D075BDD01F6FF761007B8C86 /* MiceboyHostUITests */ = {
			isa = PBXGroup;
			children = (
				D075BDD11F6FF761007B8C86 /* MiceboyHostUITests.swift */,
				D075BDD31F6FF761007B8C86 /* Info.plist */,
			);
			path = MiceboyHostUITests;
			sourceTree = "<group>";
		};
		D075BDDD1F6FF770007B8C86 /* Service */ = {
			isa = PBXGroup;
			children = (
				D0BCEDBE1F7071C50069F8F2 /* ConnectionSession.swift */,
				D0BCEDBC1F7070EB0069F8F2 /* SubscriptionToken.swift */,
				D0BCEDC01F7072A30069F8F2 /* DataMapper.swift */,
				D0BCEDC21F7074840069F8F2 /* ConnectionAdvertiser.swift */,
				D0BCEDC41F7074C60069F8F2 /* ConnectionBrowser.swift */,
			);
			path = Service;
			sourceTree = "<group>";
		};
		D0BCEDB91F7030470069F8F2 /* Meta */ = {
			isa = PBXGroup;
			children = (
				D0BCEDBA1F70305B0069F8F2 /* Cartfile */,
			);
			name = Meta;
			sourceTree = "<group>";
		};
		D0C6D6561F77CEE800FF1C42 /* Model */ = {
			isa = PBXGroup;
			children = (
				D0BCEDB61F7025160069F8F2 /* RemoteEvent.swift */,
			);
			path = Model;
			sourceTree = "<group>";
		};
		D0C6D6591F781E5200FF1C42 /* EventsProcessors */ = {
			isa = PBXGroup;
			children = (
				D0C6D6571F77D7C000FF1C42 /* RemoteEventsProcessor.swift */,
				D04E83181F784053009A9512 /* MotionToMoveEventsProcessor.swift */,
				D04E831A1F78406F009A9512 /* AccumulatedMoveEventsProcessor.swift */,
				D04E831C1F784095009A9512 /* PauseEventsProcessor.swift */,
				D04E831E1F7840BB009A9512 /* SensitivityEventsProcesor.swift */,
				D04E83201F7840E2009A9512 /* MouseMoveEventProcessor.swift */,
			);
			path = EventsProcessors;
			sourceTree = "<group>";
		};
		D0C6D65A1F781E7200FF1C42 /* MouseControllers */ = {
			isa = PBXGroup;
			children = (
				D068CC131F740C820083F045 /* Mouse.swift */,
			);
			path = MouseControllers;
			sourceTree = "<group>";
		};
/* End PBXGroup section */

/* Begin PBXNativeTarget section */
		D075BD791F6FF3CE007B8C86 /* MiceBoy */ = {
			isa = PBXNativeTarget;
			buildConfigurationList = D075BDA21F6FF3CE007B8C86 /* Build configuration list for PBXNativeTarget "MiceBoy" */;
			buildPhases = (
				D075BD761F6FF3CE007B8C86 /* Sources */,
				D075BD771F6FF3CE007B8C86 /* Frameworks */,
				D075BD781F6FF3CE007B8C86 /* Resources */,
			);
			buildRules = (
			);
			dependencies = (
			);
			name = MiceBoy;
			productName = MiceBoy;
			productReference = D075BD7A1F6FF3CE007B8C86 /* MiceBoy.app */;
			productType = "com.apple.product-type.application";
		};
		D075BD8D1F6FF3CE007B8C86 /* MiceBoyTests */ = {
			isa = PBXNativeTarget;
			buildConfigurationList = D075BDA51F6FF3CE007B8C86 /* Build configuration list for PBXNativeTarget "MiceBoyTests" */;
			buildPhases = (
				D075BD8A1F6FF3CE007B8C86 /* Sources */,
				D075BD8B1F6FF3CE007B8C86 /* Frameworks */,
				D075BD8C1F6FF3CE007B8C86 /* Resources */,
			);
			buildRules = (
			);
			dependencies = (
				D075BD901F6FF3CE007B8C86 /* PBXTargetDependency */,
			);
			name = MiceBoyTests;
			productName = MiceBoyTests;
			productReference = D075BD8E1F6FF3CE007B8C86 /* MiceBoyTests.xctest */;
			productType = "com.apple.product-type.bundle.unit-test";
		};
		D075BD981F6FF3CE007B8C86 /* MiceBoyUITests */ = {
			isa = PBXNativeTarget;
			buildConfigurationList = D075BDA81F6FF3CE007B8C86 /* Build configuration list for PBXNativeTarget "MiceBoyUITests" */;
			buildPhases = (
				D075BD951F6FF3CE007B8C86 /* Sources */,
				D075BD961F6FF3CE007B8C86 /* Frameworks */,
				D075BD971F6FF3CE007B8C86 /* Resources */,
			);
			buildRules = (
			);
			dependencies = (
				D075BD9B1F6FF3CE007B8C86 /* PBXTargetDependency */,
			);
			name = MiceBoyUITests;
			productName = MiceBoyUITests;
			productReference = D075BD991F6FF3CE007B8C86 /* MiceBoyUITests.xctest */;
			productType = "com.apple.product-type.bundle.ui-testing";
		};
		D075BDB01F6FF761007B8C86 /* MiceboyHost */ = {
			isa = PBXNativeTarget;
			buildConfigurationList = D075BDD41F6FF761007B8C86 /* Build configuration list for PBXNativeTarget "MiceboyHost" */;
			buildPhases = (
				D075BDAD1F6FF761007B8C86 /* Sources */,
				D075BDAE1F6FF761007B8C86 /* Frameworks */,
				D075BDAF1F6FF761007B8C86 /* Resources */,
			);
			buildRules = (
			);
			dependencies = (
			);
			name = MiceboyHost;
			productName = MiceboyHost;
			productReference = D075BDB11F6FF761007B8C86 /* MiceboyHost.app */;
			productType = "com.apple.product-type.application";
		};
		D075BDC11F6FF761007B8C86 /* MiceboyHostTests */ = {
			isa = PBXNativeTarget;
			buildConfigurationList = D075BDD71F6FF761007B8C86 /* Build configuration list for PBXNativeTarget "MiceboyHostTests" */;
			buildPhases = (
				D075BDBE1F6FF761007B8C86 /* Sources */,
				D075BDBF1F6FF761007B8C86 /* Frameworks */,
				D075BDC01F6FF761007B8C86 /* Resources */,
			);
			buildRules = (
			);
			dependencies = (
				D075BDC41F6FF761007B8C86 /* PBXTargetDependency */,
			);
			name = MiceboyHostTests;
			productName = MiceboyHostTests;
			productReference = D075BDC21F6FF761007B8C86 /* MiceboyHostTests.xctest */;
			productType = "com.apple.product-type.bundle.unit-test";
		};
		D075BDCC1F6FF761007B8C86 /* MiceboyHostUITests */ = {
			isa = PBXNativeTarget;
			buildConfigurationList = D075BDDA1F6FF761007B8C86 /* Build configuration list for PBXNativeTarget "MiceboyHostUITests" */;
			buildPhases = (
				D075BDC91F6FF761007B8C86 /* Sources */,
				D075BDCA1F6FF761007B8C86 /* Frameworks */,
				D075BDCB1F6FF761007B8C86 /* Resources */,
			);
			buildRules = (
			);
			dependencies = (
				D075BDCF1F6FF761007B8C86 /* PBXTargetDependency */,
			);
			name = MiceboyHostUITests;
			productName = MiceboyHostUITests;
			productReference = D075BDCD1F6FF761007B8C86 /* MiceboyHostUITests.xctest */;
			productType = "com.apple.product-type.bundle.ui-testing";
		};
/* End PBXNativeTarget section */

/* Begin PBXProject section */
		D075BD721F6FF3CE007B8C86 /* Project object */ = {
			isa = PBXProject;
			attributes = {
				LastSwiftUpdateCheck = 0900;
				LastUpgradeCheck = 0900;
				ORGANIZATIONNAME = "Mykhailo Vorontsov";
				TargetAttributes = {
					D075BD791F6FF3CE007B8C86 = {
						CreatedOnToolsVersion = 9.0;
						ProvisioningStyle = Automatic;
					};
					D075BD8D1F6FF3CE007B8C86 = {
						CreatedOnToolsVersion = 9.0;
						ProvisioningStyle = Automatic;
						TestTargetID = D075BD791F6FF3CE007B8C86;
					};
					D075BD981F6FF3CE007B8C86 = {
						CreatedOnToolsVersion = 9.0;
						ProvisioningStyle = Automatic;
						TestTargetID = D075BD791F6FF3CE007B8C86;
					};
					D075BDB01F6FF761007B8C86 = {
						CreatedOnToolsVersion = 9.0;
						ProvisioningStyle = Automatic;
					};
					D075BDC11F6FF761007B8C86 = {
						CreatedOnToolsVersion = 9.0;
						ProvisioningStyle = Automatic;
						TestTargetID = D075BDB01F6FF761007B8C86;
					};
					D075BDCC1F6FF761007B8C86 = {
						CreatedOnToolsVersion = 9.0;
						ProvisioningStyle = Automatic;
						TestTargetID = D075BDB01F6FF761007B8C86;
					};
				};
			};
			buildConfigurationList = D075BD751F6FF3CE007B8C86 /* Build configuration list for PBXProject "MiceBoy" */;
			compatibilityVersion = "Xcode 8.0";
			developmentRegion = en;
			hasScannedForEncodings = 0;
			knownRegions = (
				en,
				Base,
			);
			mainGroup = D075BD711F6FF3CE007B8C86;
			productRefGroup = D075BD7B1F6FF3CE007B8C86 /* Products */;
			projectDirPath = "";
			projectRoot = "";
			targets = (
				D075BD791F6FF3CE007B8C86 /* MiceBoy */,
				D075BD8D1F6FF3CE007B8C86 /* MiceBoyTests */,
				D075BD981F6FF3CE007B8C86 /* MiceBoyUITests */,
				D075BDB01F6FF761007B8C86 /* MiceboyHost */,
				D075BDC11F6FF761007B8C86 /* MiceboyHostTests */,
				D075BDCC1F6FF761007B8C86 /* MiceboyHostUITests */,
			);
		};
/* End PBXProject section */

/* Begin PBXResourcesBuildPhase section */
		D075BD781F6FF3CE007B8C86 /* Resources */ = {
			isa = PBXResourcesBuildPhase;
			buildActionMask = 2147483647;
			files = (
				D075BD881F6FF3CE007B8C86 /* LaunchScreen.storyboard in Resources */,
				D075BD851F6FF3CE007B8C86 /* Assets.xcassets in Resources */,
				D0BCEDBB1F70305B0069F8F2 /* Cartfile in Resources */,
				D075BD831F6FF3CE007B8C86 /* Main.storyboard in Resources */,
			);
			runOnlyForDeploymentPostprocessing = 0;
		};
		D075BD8C1F6FF3CE007B8C86 /* Resources */ = {
			isa = PBXResourcesBuildPhase;
			buildActionMask = 2147483647;
			files = (
			);
			runOnlyForDeploymentPostprocessing = 0;
		};
		D075BD971F6FF3CE007B8C86 /* Resources */ = {
			isa = PBXResourcesBuildPhase;
			buildActionMask = 2147483647;
			files = (
			);
			runOnlyForDeploymentPostprocessing = 0;
		};
		D075BDAF1F6FF761007B8C86 /* Resources */ = {
			isa = PBXResourcesBuildPhase;
			buildActionMask = 2147483647;
			files = (
				D075BDB81F6FF761007B8C86 /* Assets.xcassets in Resources */,
				D075BDBB1F6FF761007B8C86 /* Main.storyboard in Resources */,
			);
			runOnlyForDeploymentPostprocessing = 0;
		};
		D075BDC01F6FF761007B8C86 /* Resources */ = {
			isa = PBXResourcesBuildPhase;
			buildActionMask = 2147483647;
			files = (
			);
			runOnlyForDeploymentPostprocessing = 0;
		};
		D075BDCB1F6FF761007B8C86 /* Resources */ = {
			isa = PBXResourcesBuildPhase;
			buildActionMask = 2147483647;
			files = (
			);
			runOnlyForDeploymentPostprocessing = 0;
		};
/* End PBXResourcesBuildPhase section */

/* Begin PBXSourcesBuildPhase section */
		D075BD761F6FF3CE007B8C86 /* Sources */ = {
			isa = PBXSourcesBuildPhase;
			buildActionMask = 2147483647;
			files = (
				D075BD801F6FF3CE007B8C86 /* DiscoveryViewController.swift in Sources */,
				D0BCEDC11F7072A30069F8F2 /* DataMapper.swift in Sources */,
				D075BD7E1F6FF3CE007B8C86 /* AppDelegate.swift in Sources */,
				D0BCEDBF1F7071C50069F8F2 /* ConnectionSession.swift in Sources */,
				D0BCEDC51F7074C60069F8F2 /* ConnectionBrowser.swift in Sources */,
				D0BCEDBD1F7070EB0069F8F2 /* SubscriptionToken.swift in Sources */,
				D0BCEDB71F7025160069F8F2 /* RemoteEvent.swift in Sources */,
				D0BCEDC31F7074840069F8F2 /* ConnectionAdvertiser.swift in Sources */,
			);
			runOnlyForDeploymentPostprocessing = 0;
		};
		D075BD8A1F6FF3CE007B8C86 /* Sources */ = {
			isa = PBXSourcesBuildPhase;
			buildActionMask = 2147483647;
			files = (
				D075BD931F6FF3CE007B8C86 /* MiceBoyTests.swift in Sources */,
			);
			runOnlyForDeploymentPostprocessing = 0;
		};
		D075BD951F6FF3CE007B8C86 /* Sources */ = {
			isa = PBXSourcesBuildPhase;
			buildActionMask = 2147483647;
			files = (
				D075BD9E1F6FF3CE007B8C86 /* MiceBoyUITests.swift in Sources */,
			);
			runOnlyForDeploymentPostprocessing = 0;
		};
		D075BDAD1F6FF761007B8C86 /* Sources */ = {
			isa = PBXSourcesBuildPhase;
			buildActionMask = 2147483647;
			files = (
				D068CC0F1F73FC380083F045 /* SubscriptionToken.swift in Sources */,
				D068CC141F740C820083F045 /* Mouse.swift in Sources */,
				D04E831F1F7840BB009A9512 /* SensitivityEventsProcesor.swift in Sources */,
				D04E831D1F784095009A9512 /* PauseEventsProcessor.swift in Sources */,
				D068CC101F73FC380083F045 /* DataMapper.swift in Sources */,
				D068CC0E1F73FC380083F045 /* RemoteEvent.swift in Sources */,
				D075BDB61F6FF761007B8C86 /* ViewController.swift in Sources */,
				D045F6CA1F74745B008A45DF /* PointDrawingView.swift in Sources */,
				D068CC121F73FC380083F045 /* ConnectionBrowser.swift in Sources */,
				D04E83191F784053009A9512 /* MotionToMoveEventsProcessor.swift in Sources */,
				D04E83211F7840E2009A9512 /* MouseMoveEventProcessor.swift in Sources */,
				D075BDB41F6FF761007B8C86 /* AppDelegate.swift in Sources */,
				D068CC0D1F73FC380083F045 /* ConnectionSession.swift in Sources */,
				D068CC111F73FC380083F045 /* ConnectionAdvertiser.swift in Sources */,
				D04E831B1F78406F009A9512 /* AccumulatedMoveEventsProcessor.swift in Sources */,
				D0C6D6581F77D7C000FF1C42 /* RemoteEventsProcessor.swift in Sources */,
			);
			runOnlyForDeploymentPostprocessing = 0;
		};
		D075BDBE1F6FF761007B8C86 /* Sources */ = {
			isa = PBXSourcesBuildPhase;
			buildActionMask = 2147483647;
			files = (
				D075BDC71F6FF761007B8C86 /* MiceboyHostTests.swift in Sources */,
			);
			runOnlyForDeploymentPostprocessing = 0;
		};
		D075BDC91F6FF761007B8C86 /* Sources */ = {
			isa = PBXSourcesBuildPhase;
			buildActionMask = 2147483647;
			files = (
				D075BDD21F6FF761007B8C86 /* MiceboyHostUITests.swift in Sources */,
			);
			runOnlyForDeploymentPostprocessing = 0;
		};
/* End PBXSourcesBuildPhase section */

/* Begin PBXTargetDependency section */
		D075BD901F6FF3CE007B8C86 /* PBXTargetDependency */ = {
			isa = PBXTargetDependency;
			target = D075BD791F6FF3CE007B8C86 /* MiceBoy */;
			targetProxy = D075BD8F1F6FF3CE007B8C86 /* PBXContainerItemProxy */;
		};
		D075BD9B1F6FF3CE007B8C86 /* PBXTargetDependency */ = {
			isa = PBXTargetDependency;
			target = D075BD791F6FF3CE007B8C86 /* MiceBoy */;
			targetProxy = D075BD9A1F6FF3CE007B8C86 /* PBXContainerItemProxy */;
		};
		D075BDC41F6FF761007B8C86 /* PBXTargetDependency */ = {
			isa = PBXTargetDependency;
			target = D075BDB01F6FF761007B8C86 /* MiceboyHost */;
			targetProxy = D075BDC31F6FF761007B8C86 /* PBXContainerItemProxy */;
		};
		D075BDCF1F6FF761007B8C86 /* PBXTargetDependency */ = {
			isa = PBXTargetDependency;
			target = D075BDB01F6FF761007B8C86 /* MiceboyHost */;
			targetProxy = D075BDCE1F6FF761007B8C86 /* PBXContainerItemProxy */;
		};
/* End PBXTargetDependency section */

/* Begin PBXVariantGroup section */
		D075BD811F6FF3CE007B8C86 /* Main.storyboard */ = {
			isa = PBXVariantGroup;
			children = (
				D075BD821F6FF3CE007B8C86 /* Base */,
			);
			name = Main.storyboard;
			sourceTree = "<group>";
		};
		D075BD861F6FF3CE007B8C86 /* LaunchScreen.storyboard */ = {
			isa = PBXVariantGroup;
			children = (
				D075BD871F6FF3CE007B8C86 /* Base */,
			);
			name = LaunchScreen.storyboard;
			sourceTree = "<group>";
		};
		D075BDB91F6FF761007B8C86 /* Main.storyboard */ = {
			isa = PBXVariantGroup;
			children = (
				D075BDBA1F6FF761007B8C86 /* Base */,
			);
			name = Main.storyboard;
			sourceTree = "<group>";
		};
/* End PBXVariantGroup section */

/* Begin XCBuildConfiguration section */
		D075BDA01F6FF3CE007B8C86 /* Debug */ = {
			isa = XCBuildConfiguration;
			buildSettings = {
				ALWAYS_SEARCH_USER_PATHS = NO;
				CLANG_ANALYZER_NONNULL = YES;
				CLANG_ANALYZER_NUMBER_OBJECT_CONVERSION = YES_AGGRESSIVE;
				CLANG_CXX_LANGUAGE_STANDARD = "gnu++14";
				CLANG_CXX_LIBRARY = "libc++";
				CLANG_ENABLE_MODULES = YES;
				CLANG_ENABLE_OBJC_ARC = YES;
				CLANG_WARN_BLOCK_CAPTURE_AUTORELEASING = YES;
				CLANG_WARN_BOOL_CONVERSION = YES;
				CLANG_WARN_COMMA = YES;
				CLANG_WARN_CONSTANT_CONVERSION = YES;
				CLANG_WARN_DIRECT_OBJC_ISA_USAGE = YES_ERROR;
				CLANG_WARN_DOCUMENTATION_COMMENTS = YES;
				CLANG_WARN_EMPTY_BODY = YES;
				CLANG_WARN_ENUM_CONVERSION = YES;
				CLANG_WARN_INFINITE_RECURSION = YES;
				CLANG_WARN_INT_CONVERSION = YES;
				CLANG_WARN_NON_LITERAL_NULL_CONVERSION = YES;
				CLANG_WARN_OBJC_LITERAL_CONVERSION = YES;
				CLANG_WARN_OBJC_ROOT_CLASS = YES_ERROR;
				CLANG_WARN_RANGE_LOOP_ANALYSIS = YES;
				CLANG_WARN_STRICT_PROTOTYPES = YES;
				CLANG_WARN_SUSPICIOUS_MOVE = YES;
				CLANG_WARN_UNGUARDED_AVAILABILITY = YES_AGGRESSIVE;
				CLANG_WARN_UNREACHABLE_CODE = YES;
				CLANG_WARN__DUPLICATE_METHOD_MATCH = YES;
				CODE_SIGN_IDENTITY = "iPhone Developer";
				COPY_PHASE_STRIP = NO;
				DEBUG_INFORMATION_FORMAT = dwarf;
				ENABLE_STRICT_OBJC_MSGSEND = YES;
				ENABLE_TESTABILITY = YES;
				GCC_C_LANGUAGE_STANDARD = gnu11;
				GCC_DYNAMIC_NO_PIC = NO;
				GCC_NO_COMMON_BLOCKS = YES;
				GCC_OPTIMIZATION_LEVEL = 0;
				GCC_PREPROCESSOR_DEFINITIONS = (
					"DEBUG=1",
					"$(inherited)",
				);
				GCC_WARN_64_TO_32_BIT_CONVERSION = YES;
				GCC_WARN_ABOUT_RETURN_TYPE = YES_ERROR;
				GCC_WARN_UNDECLARED_SELECTOR = YES;
				GCC_WARN_UNINITIALIZED_AUTOS = YES_AGGRESSIVE;
				GCC_WARN_UNUSED_FUNCTION = YES;
				GCC_WARN_UNUSED_VARIABLE = YES;
				IPHONEOS_DEPLOYMENT_TARGET = 11.0;
				MTL_ENABLE_DEBUG_INFO = YES;
				ONLY_ACTIVE_ARCH = YES;
				SDKROOT = iphoneos;
				SWIFT_ACTIVE_COMPILATION_CONDITIONS = DEBUG;
				SWIFT_OPTIMIZATION_LEVEL = "-Onone";
			};
			name = Debug;
		};
		D075BDA11F6FF3CE007B8C86 /* Release */ = {
			isa = XCBuildConfiguration;
			buildSettings = {
				ALWAYS_SEARCH_USER_PATHS = NO;
				CLANG_ANALYZER_NONNULL = YES;
				CLANG_ANALYZER_NUMBER_OBJECT_CONVERSION = YES_AGGRESSIVE;
				CLANG_CXX_LANGUAGE_STANDARD = "gnu++14";
				CLANG_CXX_LIBRARY = "libc++";
				CLANG_ENABLE_MODULES = YES;
				CLANG_ENABLE_OBJC_ARC = YES;
				CLANG_WARN_BLOCK_CAPTURE_AUTORELEASING = YES;
				CLANG_WARN_BOOL_CONVERSION = YES;
				CLANG_WARN_COMMA = YES;
				CLANG_WARN_CONSTANT_CONVERSION = YES;
				CLANG_WARN_DIRECT_OBJC_ISA_USAGE = YES_ERROR;
				CLANG_WARN_DOCUMENTATION_COMMENTS = YES;
				CLANG_WARN_EMPTY_BODY = YES;
				CLANG_WARN_ENUM_CONVERSION = YES;
				CLANG_WARN_INFINITE_RECURSION = YES;
				CLANG_WARN_INT_CONVERSION = YES;
				CLANG_WARN_NON_LITERAL_NULL_CONVERSION = YES;
				CLANG_WARN_OBJC_LITERAL_CONVERSION = YES;
				CLANG_WARN_OBJC_ROOT_CLASS = YES_ERROR;
				CLANG_WARN_RANGE_LOOP_ANALYSIS = YES;
				CLANG_WARN_STRICT_PROTOTYPES = YES;
				CLANG_WARN_SUSPICIOUS_MOVE = YES;
				CLANG_WARN_UNGUARDED_AVAILABILITY = YES_AGGRESSIVE;
				CLANG_WARN_UNREACHABLE_CODE = YES;
				CLANG_WARN__DUPLICATE_METHOD_MATCH = YES;
				CODE_SIGN_IDENTITY = "iPhone Developer";
				COPY_PHASE_STRIP = NO;
				DEBUG_INFORMATION_FORMAT = "dwarf-with-dsym";
				ENABLE_NS_ASSERTIONS = NO;
				ENABLE_STRICT_OBJC_MSGSEND = YES;
				GCC_C_LANGUAGE_STANDARD = gnu11;
				GCC_NO_COMMON_BLOCKS = YES;
				GCC_WARN_64_TO_32_BIT_CONVERSION = YES;
				GCC_WARN_ABOUT_RETURN_TYPE = YES_ERROR;
				GCC_WARN_UNDECLARED_SELECTOR = YES;
				GCC_WARN_UNINITIALIZED_AUTOS = YES_AGGRESSIVE;
				GCC_WARN_UNUSED_FUNCTION = YES;
				GCC_WARN_UNUSED_VARIABLE = YES;
				IPHONEOS_DEPLOYMENT_TARGET = 11.0;
				MTL_ENABLE_DEBUG_INFO = NO;
				SDKROOT = iphoneos;
				SWIFT_OPTIMIZATION_LEVEL = "-Owholemodule";
				VALIDATE_PRODUCT = YES;
			};
			name = Release;
		};
		D075BDA31F6FF3CE007B8C86 /* Debug */ = {
			isa = XCBuildConfiguration;
			buildSettings = {
				ASSETCATALOG_COMPILER_APPICON_NAME = AppIcon;
				CODE_SIGN_STYLE = Automatic;
				DEVELOPMENT_TEAM = WCL42T797B;
				INFOPLIST_FILE = MiceBoy/Info.plist;
				LD_RUNPATH_SEARCH_PATHS = "$(inherited) @executable_path/Frameworks";
				PRODUCT_BUNDLE_IDENTIFIER = com.mvorontsov.MiceBoy;
				PRODUCT_NAME = "$(TARGET_NAME)";
				SWIFT_VERSION = 4.0;
				TARGETED_DEVICE_FAMILY = "1,2";
			};
			name = Debug;
		};
		D075BDA41F6FF3CE007B8C86 /* Release */ = {
			isa = XCBuildConfiguration;
			buildSettings = {
				ASSETCATALOG_COMPILER_APPICON_NAME = AppIcon;
				CODE_SIGN_STYLE = Automatic;
				DEVELOPMENT_TEAM = WCL42T797B;
				INFOPLIST_FILE = MiceBoy/Info.plist;
				LD_RUNPATH_SEARCH_PATHS = "$(inherited) @executable_path/Frameworks";
				PRODUCT_BUNDLE_IDENTIFIER = com.mvorontsov.MiceBoy;
				PRODUCT_NAME = "$(TARGET_NAME)";
				SWIFT_VERSION = 4.0;
				TARGETED_DEVICE_FAMILY = "1,2";
			};
			name = Release;
		};
		D075BDA61F6FF3CE007B8C86 /* Debug */ = {
			isa = XCBuildConfiguration;
			buildSettings = {
				ALWAYS_EMBED_SWIFT_STANDARD_LIBRARIES = YES;
				BUNDLE_LOADER = "$(TEST_HOST)";
				CODE_SIGN_STYLE = Automatic;
				DEVELOPMENT_TEAM = WCL42T797B;
				INFOPLIST_FILE = MiceBoyTests/Info.plist;
				LD_RUNPATH_SEARCH_PATHS = "$(inherited) @executable_path/Frameworks @loader_path/Frameworks";
				PRODUCT_BUNDLE_IDENTIFIER = com.mvorontsov.MiceBoyTests;
				PRODUCT_NAME = "$(TARGET_NAME)";
				SWIFT_VERSION = 4.0;
				TARGETED_DEVICE_FAMILY = "1,2";
				TEST_HOST = "$(BUILT_PRODUCTS_DIR)/MiceBoy.app/MiceBoy";
			};
			name = Debug;
		};
		D075BDA71F6FF3CE007B8C86 /* Release */ = {
			isa = XCBuildConfiguration;
			buildSettings = {
				ALWAYS_EMBED_SWIFT_STANDARD_LIBRARIES = YES;
				BUNDLE_LOADER = "$(TEST_HOST)";
				CODE_SIGN_STYLE = Automatic;
				DEVELOPMENT_TEAM = WCL42T797B;
				INFOPLIST_FILE = MiceBoyTests/Info.plist;
				LD_RUNPATH_SEARCH_PATHS = "$(inherited) @executable_path/Frameworks @loader_path/Frameworks";
				PRODUCT_BUNDLE_IDENTIFIER = com.mvorontsov.MiceBoyTests;
				PRODUCT_NAME = "$(TARGET_NAME)";
				SWIFT_VERSION = 4.0;
				TARGETED_DEVICE_FAMILY = "1,2";
				TEST_HOST = "$(BUILT_PRODUCTS_DIR)/MiceBoy.app/MiceBoy";
			};
			name = Release;
		};
		D075BDA91F6FF3CE007B8C86 /* Debug */ = {
			isa = XCBuildConfiguration;
			buildSettings = {
				ALWAYS_EMBED_SWIFT_STANDARD_LIBRARIES = YES;
				CODE_SIGN_STYLE = Automatic;
				DEVELOPMENT_TEAM = WCL42T797B;
				INFOPLIST_FILE = MiceBoyUITests/Info.plist;
				LD_RUNPATH_SEARCH_PATHS = "$(inherited) @executable_path/Frameworks @loader_path/Frameworks";
				PRODUCT_BUNDLE_IDENTIFIER = com.mvorontsov.MiceBoyUITests;
				PRODUCT_NAME = "$(TARGET_NAME)";
				SWIFT_VERSION = 4.0;
				TARGETED_DEVICE_FAMILY = "1,2";
				TEST_TARGET_NAME = MiceBoy;
			};
			name = Debug;
		};
		D075BDAA1F6FF3CE007B8C86 /* Release */ = {
			isa = XCBuildConfiguration;
			buildSettings = {
				ALWAYS_EMBED_SWIFT_STANDARD_LIBRARIES = YES;
				CODE_SIGN_STYLE = Automatic;
				DEVELOPMENT_TEAM = WCL42T797B;
				INFOPLIST_FILE = MiceBoyUITests/Info.plist;
				LD_RUNPATH_SEARCH_PATHS = "$(inherited) @executable_path/Frameworks @loader_path/Frameworks";
				PRODUCT_BUNDLE_IDENTIFIER = com.mvorontsov.MiceBoyUITests;
				PRODUCT_NAME = "$(TARGET_NAME)";
				SWIFT_VERSION = 4.0;
				TARGETED_DEVICE_FAMILY = "1,2";
				TEST_TARGET_NAME = MiceBoy;
			};
			name = Release;
		};
		D075BDD51F6FF761007B8C86 /* Debug */ = {
			isa = XCBuildConfiguration;
			buildSettings = {
				ASSETCATALOG_COMPILER_APPICON_NAME = AppIcon;
				CODE_SIGN_IDENTITY = "Mac Developer";
				CODE_SIGN_STYLE = Automatic;
				COMBINE_HIDPI_IMAGES = YES;
				DEVELOPMENT_TEAM = WCL42T797B;
				INFOPLIST_FILE = MiceboyHost/Info.plist;
				LD_RUNPATH_SEARCH_PATHS = "$(inherited) @executable_path/../Frameworks";
				MACOSX_DEPLOYMENT_TARGET = 10.12;
				PRODUCT_BUNDLE_IDENTIFIER = com.mvorontsov.MiceboyHost;
				PRODUCT_NAME = "$(TARGET_NAME)";
				SDKROOT = macosx;
				SWIFT_VERSION = 4.0;
			};
			name = Debug;
		};
		D075BDD61F6FF761007B8C86 /* Release */ = {
			isa = XCBuildConfiguration;
			buildSettings = {
				ASSETCATALOG_COMPILER_APPICON_NAME = AppIcon;
				CODE_SIGN_IDENTITY = "Mac Developer";
				CODE_SIGN_STYLE = Automatic;
				COMBINE_HIDPI_IMAGES = YES;
				DEVELOPMENT_TEAM = WCL42T797B;
				INFOPLIST_FILE = MiceboyHost/Info.plist;
				LD_RUNPATH_SEARCH_PATHS = "$(inherited) @executable_path/../Frameworks";
				MACOSX_DEPLOYMENT_TARGET = 10.12;
				PRODUCT_BUNDLE_IDENTIFIER = com.mvorontsov.MiceboyHost;
				PRODUCT_NAME = "$(TARGET_NAME)";
				SDKROOT = macosx;
				SWIFT_VERSION = 4.0;
			};
			name = Release;
		};
		D075BDD81F6FF761007B8C86 /* Debug */ = {
			isa = XCBuildConfiguration;
			buildSettings = {
				ALWAYS_EMBED_SWIFT_STANDARD_LIBRARIES = YES;
				BUNDLE_LOADER = "$(TEST_HOST)";
				CODE_SIGN_IDENTITY = "Mac Developer";
				CODE_SIGN_STYLE = Automatic;
				COMBINE_HIDPI_IMAGES = YES;
				DEVELOPMENT_TEAM = WCL42T797B;
				INFOPLIST_FILE = MiceboyHostTests/Info.plist;
				LD_RUNPATH_SEARCH_PATHS = "$(inherited) @executable_path/../Frameworks @loader_path/../Frameworks";
				MACOSX_DEPLOYMENT_TARGET = 10.12;
				PRODUCT_BUNDLE_IDENTIFIER = com.mvorontsov.MiceboyHostTests;
				PRODUCT_NAME = "$(TARGET_NAME)";
				SDKROOT = macosx;
				SWIFT_VERSION = 4.0;
				TEST_HOST = "$(BUILT_PRODUCTS_DIR)/MiceboyHost.app/Contents/MacOS/MiceboyHost";
			};
			name = Debug;
		};
		D075BDD91F6FF761007B8C86 /* Release */ = {
			isa = XCBuildConfiguration;
			buildSettings = {
				ALWAYS_EMBED_SWIFT_STANDARD_LIBRARIES = YES;
				BUNDLE_LOADER = "$(TEST_HOST)";
				CODE_SIGN_IDENTITY = "Mac Developer";
				CODE_SIGN_STYLE = Automatic;
				COMBINE_HIDPI_IMAGES = YES;
				DEVELOPMENT_TEAM = WCL42T797B;
				INFOPLIST_FILE = MiceboyHostTests/Info.plist;
				LD_RUNPATH_SEARCH_PATHS = "$(inherited) @executable_path/../Frameworks @loader_path/../Frameworks";
				MACOSX_DEPLOYMENT_TARGET = 10.12;
				PRODUCT_BUNDLE_IDENTIFIER = com.mvorontsov.MiceboyHostTests;
				PRODUCT_NAME = "$(TARGET_NAME)";
				SDKROOT = macosx;
				SWIFT_VERSION = 4.0;
				TEST_HOST = "$(BUILT_PRODUCTS_DIR)/MiceboyHost.app/Contents/MacOS/MiceboyHost";
			};
			name = Release;
		};
		D075BDDB1F6FF761007B8C86 /* Debug */ = {
			isa = XCBuildConfiguration;
			buildSettings = {
				ALWAYS_EMBED_SWIFT_STANDARD_LIBRARIES = YES;
				CODE_SIGN_IDENTITY = "Mac Developer";
				CODE_SIGN_STYLE = Automatic;
				COMBINE_HIDPI_IMAGES = YES;
				DEVELOPMENT_TEAM = WCL42T797B;
				INFOPLIST_FILE = MiceboyHostUITests/Info.plist;
				LD_RUNPATH_SEARCH_PATHS = "$(inherited) @executable_path/../Frameworks @loader_path/../Frameworks";
				MACOSX_DEPLOYMENT_TARGET = 10.12;
				PRODUCT_BUNDLE_IDENTIFIER = com.mvorontsov.MiceboyHostUITests;
				PRODUCT_NAME = "$(TARGET_NAME)";
				SDKROOT = macosx;
				SWIFT_VERSION = 4.0;
				TEST_TARGET_NAME = MiceboyHost;
			};
			name = Debug;
		};
		D075BDDC1F6FF761007B8C86 /* Release */ = {
			isa = XCBuildConfiguration;
			buildSettings = {
				ALWAYS_EMBED_SWIFT_STANDARD_LIBRARIES = YES;
				CODE_SIGN_IDENTITY = "Mac Developer";
				CODE_SIGN_STYLE = Automatic;
				COMBINE_HIDPI_IMAGES = YES;
				DEVELOPMENT_TEAM = WCL42T797B;
				INFOPLIST_FILE = MiceboyHostUITests/Info.plist;
				LD_RUNPATH_SEARCH_PATHS = "$(inherited) @executable_path/../Frameworks @loader_path/../Frameworks";
				MACOSX_DEPLOYMENT_TARGET = 10.12;
				PRODUCT_BUNDLE_IDENTIFIER = com.mvorontsov.MiceboyHostUITests;
				PRODUCT_NAME = "$(TARGET_NAME)";
				SDKROOT = macosx;
				SWIFT_VERSION = 4.0;
				TEST_TARGET_NAME = MiceboyHost;
			};
			name = Release;
		};
/* End XCBuildConfiguration section */

/* Begin XCConfigurationList section */
		D075BD751F6FF3CE007B8C86 /* Build configuration list for PBXProject "MiceBoy" */ = {
			isa = XCConfigurationList;
			buildConfigurations = (
				D075BDA01F6FF3CE007B8C86 /* Debug */,
				D075BDA11F6FF3CE007B8C86 /* Release */,
			);
			defaultConfigurationIsVisible = 0;
			defaultConfigurationName = Release;
		};
		D075BDA21F6FF3CE007B8C86 /* Build configuration list for PBXNativeTarget "MiceBoy" */ = {
			isa = XCConfigurationList;
			buildConfigurations = (
				D075BDA31F6FF3CE007B8C86 /* Debug */,
				D075BDA41F6FF3CE007B8C86 /* Release */,
			);
			defaultConfigurationIsVisible = 0;
			defaultConfigurationName = Release;
		};
		D075BDA51F6FF3CE007B8C86 /* Build configuration list for PBXNativeTarget "MiceBoyTests" */ = {
			isa = XCConfigurationList;
			buildConfigurations = (
				D075BDA61F6FF3CE007B8C86 /* Debug */,
				D075BDA71F6FF3CE007B8C86 /* Release */,
			);
			defaultConfigurationIsVisible = 0;
			defaultConfigurationName = Release;
		};
		D075BDA81F6FF3CE007B8C86 /* Build configuration list for PBXNativeTarget "MiceBoyUITests" */ = {
			isa = XCConfigurationList;
			buildConfigurations = (
				D075BDA91F6FF3CE007B8C86 /* Debug */,
				D075BDAA1F6FF3CE007B8C86 /* Release */,
			);
			defaultConfigurationIsVisible = 0;
			defaultConfigurationName = Release;
		};
		D075BDD41F6FF761007B8C86 /* Build configuration list for PBXNativeTarget "MiceboyHost" */ = {
			isa = XCConfigurationList;
			buildConfigurations = (
				D075BDD51F6FF761007B8C86 /* Debug */,
				D075BDD61F6FF761007B8C86 /* Release */,
			);
			defaultConfigurationIsVisible = 0;
			defaultConfigurationName = Release;
		};
		D075BDD71F6FF761007B8C86 /* Build configuration list for PBXNativeTarget "MiceboyHostTests" */ = {
			isa = XCConfigurationList;
			buildConfigurations = (
				D075BDD81F6FF761007B8C86 /* Debug */,
				D075BDD91F6FF761007B8C86 /* Release */,
			);
			defaultConfigurationIsVisible = 0;
			defaultConfigurationName = Release;
		};
		D075BDDA1F6FF761007B8C86 /* Build configuration list for PBXNativeTarget "MiceboyHostUITests" */ = {
			isa = XCConfigurationList;
			buildConfigurations = (
				D075BDDB1F6FF761007B8C86 /* Debug */,
				D075BDDC1F6FF761007B8C86 /* Release */,
			);
			defaultConfigurationIsVisible = 0;
			defaultConfigurationName = Release;
		};
/* End XCConfigurationList section */
	};
	rootObject = D075BD721F6FF3CE007B8C86 /* Project object */;
}
